
Microsoft Visual Studio Solution File, Format Version 12.00
# Visual Studio Version 16
VisualStudioVersion = 16.0.32228.343
MinimumVisualStudioVersion = 10.0.40219.1
Project("{9A19103F-16F7-4668-BE54-9A1E7A4F7556}") = "VoiceHelper", "WinFormsApp2\VoiceHelper.csproj", "{460CC3C7-D1DA-4C7E-9554-0BD4C09123B7}"
EndProject
Global
	GlobalSection(SolutionConfigurationPlatforms) = preSolution
		Debug|Any CPU = Debug|Any CPU
		Release|Any CPU = Release|Any CPU
	EndGlobalSection
	GlobalSection(ProjectConfigurationPlatforms) = postSolution
		{460CC3C7-D1DA-4C7E-9554-0BD4C09123B7}.Debug|Any CPU.ActiveCfg = Debug|Any CPU
		{460CC3C7-D1DA-4C7E-9554-0BD4C09123B7}.Debug|Any CPU.Build.0 = Debug|Any CPU
		{460CC3C7-D1DA-4C7E-9554-0BD4C09123B7}.Release|Any CPU.ActiveCfg = Release|Any CPU
		{460CC3C7-D1DA-4C7E-9554-0BD4C09123B7}.Release|Any CPU.Build.0 = Release|Any CPU
	EndGlobalSection
	GlobalSection(SolutionProperties) = preSolution
		HideSolutionNode = FALSE
	EndGlobalSection
	GlobalSection(ExtensibilityGlobals) = postSolution
		SolutionGuid = {23715B5C-3D06-4A1E-A3A5-8ABF9E00350D}
	EndGlobalSection
EndGlobal
